PODS:
  - Introspect (0.1.4)
  - KeychainAccess (4.2.2)

DEPENDENCIES:
  - Introspect
  - KeychainAccess

SPEC REPOS:
  trunk:
    - Introspect
    - KeychainAccess

SPEC CHECKSUMS:
  Introspect: b62c4dd2063072327c21d618ef2bedc3c87bc366
  KeychainAccess: c0c4f7f38f6fc7bbe58f5702e25f7bd2f65abf51

PODFILE CHECKSUM: c777ab3234b7255cee0b851fbf40a74b67e0784f

COCOAPODS: 1.11.2
